// !$*UTF8*$!
{
	archiveVersion = 1;
	classes = {
	};
	objectVersion = 48;
	objects = {

/* Begin PBXBuildFile section */
		5821A5CD200EC11E00AF85CE /* AppDelegate.swift in Sources */ = {isa = PBXBuildFile; fileRef = 5821A5CC200EC11E00AF85CE /* AppDelegate.swift */; };
		5821A5CF200EC11E00AF85CE /* MainVC.swift in Sources */ = {isa = PBXBuildFile; fileRef = 5821A5CE200EC11E00AF85CE /* MainVC.swift */; };
		5821A5D2200EC11E00AF85CE /* Main.storyboard in Resources */ = {isa = PBXBuildFile; fileRef = 5821A5D0200EC11E00AF85CE /* Main.storyboard */; };
		5821A5D4200EC11E00AF85CE /* Assets.xcassets in Resources */ = {isa = PBXBuildFile; fileRef = 5821A5D3200EC11E00AF85CE /* Assets.xcassets */; };
		5821A5D7200EC11E00AF85CE /* LaunchScreen.storyboard in Resources */ = {isa = PBXBuildFile; fileRef = 5821A5D5200EC11E00AF85CE /* LaunchScreen.storyboard */; };
		5821A5DF200EC25D00AF85CE /* DirectionVC.swift in Sources */ = {isa = PBXBuildFile; fileRef = 5821A5DE200EC25D00AF85CE /* DirectionVC.swift */; };
/* End PBXBuildFile section */

/* Begin PBXFileReference section */
		5821A5C9200EC11E00AF85CE /* North East South West.app */ = {isa = PBXFileReference; explicitFileType = wrapper.application; includeInIndex = 0; path = "North East South West.app"; sourceTree = BUILT_PRODUCTS_DIR; };
		5821A5CC200EC11E00AF85CE /* AppDelegate.swift */ = {isa = PBXFileReference; lastKnownFileType = sourcecode.swift; path = AppDelegate.swift; sourceTree = "<group>"; };
		5821A5CE200EC11E00AF85CE /* MainVC.swift */ = {isa = PBXFileReference; lastKnownFileType = sourcecode.swift; path = MainVC.swift; sourceTree = "<group>"; };
		5821A5D1200EC11E00AF85CE /* Base */ = {isa = PBXFileReference; lastKnownFileType = file.storyboard; name = Base; path = Base.lproj/Main.storyboard; sourceTree = "<group>"; };
		5821A5D3200EC11E00AF85CE /* Assets.xcassets */ = {isa = PBXFileReference; lastKnownFileType = folder.assetcatalog; path = Assets.xcassets; sourceTree = "<group>"; };
		5821A5D6200EC11E00AF85CE /* Base */ = {isa = PBXFileReference; lastKnownFileType = file.storyboard; name = Base; path = Base.lproj/LaunchScreen.storyboard; sourceTree = "<group>"; };
		5821A5D8200EC11E00AF85CE /* Info.plist */ = {isa = PBXFileReference; lastKnownFileType = text.plist.xml; path = Info.plist; sourceTree = "<group>"; };
		5821A5DE200EC25D00AF85CE /* DirectionVC.swift */ = {isa = PBXFileReference; lastKnownFileType = sourcecode.swift; path = DirectionVC.swift; sourceTree = "<group>"; };
/* End PBXFileReference section */

/* Begin PBXFrameworksBuildPhase section */
		5821A5C6200EC11E00AF85CE /* Frameworks */ = {
			isa = PBXFrameworksBuildPhase;
			buildActionMask = 2147483647;
			files = (
			);
			runOnlyForDeploymentPostprocessing = 0;
		};
/* End PBXFrameworksBuildPhase section */

/* Begin PBXGroup section */
		5821A5C0200EC11E00AF85CE = {
			isa = PBXGroup;
			children = (
				5821A5CB200EC11E00AF85CE /* North East South West */,
				5821A5CA200EC11E00AF85CE /* Products */,
			);
			sourceTree = "<group>";
		};
		5821A5CA200EC11E00AF85CE /* Products */ = {
			isa = PBXGroup;
			children = (
				5821A5C9200EC11E00AF85CE /* North East South West.app */,
			);
			name = Products;
			sourceTree = "<group>";
		};
		5821A5CB200EC11E00AF85CE /* North East South West */ = {
			isa = PBXGroup;
			children = (
				5821A5CC200EC11E00AF85CE /* AppDelegate.swift */,
				5821A5CE200EC11E00AF85CE /* MainVC.swift */,
				5821A5DE200EC25D00AF85CE /* DirectionVC.swift */,
				5821A5D0200EC11E00AF85CE /* Main.storyboard */,
				5821A5D3200EC11E00AF85CE /* Assets.xcassets */,
				5821A5D5200EC11E00AF85CE /* LaunchScreen.storyboard */,
				5821A5D8200EC11E00AF85CE /* Info.plist */,
			);
			path = "North East South West";
			sourceTree = "<group>";
		};
/* End PBXGroup section */

/* Begin PBXNativeTarget section */
		5821A5C8200EC11E00AF85CE /* North East South West */ = {
			isa = PBXNativeTarget;
			buildConfigurationList = 5821A5DB200EC11E00AF85CE /* Build configuration list for PBXNativeTarget "North East South West" */;
			buildPhases = (
				5821A5C5200EC11E00AF85CE /* Sources */,
				5821A5C6200EC11E00AF85CE /* Frameworks */,
				5821A5C7200EC11E00AF85CE /* Resources */,
			);
			buildRules = (
			);
			dependencies = (
			);
			name = "North East South West";
			productName = "North East South West";
			productReference = 5821A5C9200EC11E00AF85CE /* North East South West.app */;
			productType = "com.apple.product-type.application";
		};
/* End PBXNativeTarget section */

/* Begin PBXProject section */
		5821A5C1200EC11E00AF85CE /* Project object */ = {
			isa = PBXProject;
			attributes = {
				LastSwiftUpdateCheck = 0920;
				LastUpgradeCheck = 0920;
				ORGANIZATIONNAME = "Ryan Kistner";
				TargetAttributes = {
					5821A5C8200EC11E00AF85CE = {
						CreatedOnToolsVersion = 9.2;
						ProvisioningStyle = Automatic;
					};
				};
			};
			buildConfigurationList = 5821A5C4200EC11E00AF85CE /* Build configuration list for PBXProject "North East South West" */;
			compatibilityVersion = "Xcode 8.0";
			developmentRegion = en;
			hasScannedForEncodings = 0;
			knownRegions = (
				en,
				Base,
			);
			mainGroup = 5821A5C0200EC11E00AF85CE;
			productRefGroup = 5821A5CA200EC11E00AF85CE /* Products */;
			projectDirPath = "";
			projectRoot = "";
			targets = (
				5821A5C8200EC11E00AF85CE /* North East South West */,
			);
		};
/* End PBXProject section */

/* Begin PBXResourcesBuildPhase section */
		5821A5C7200EC11E00AF85CE /* Resources */ = {
			isa = PBXResourcesBuildPhase;
			buildActionMask = 2147483647;
			files = (
				5821A5D7200EC11E00AF85CE /* LaunchScreen.storyboard in Resources */,
				5821A5D4200EC11E00AF85CE /* Assets.xcassets in Resources */,
				5821A5D2200EC11E00AF85CE /* Main.storyboard in Resources */,
			);
			runOnlyForDeploymentPostprocessing = 0;
		};
/* End PBXResourcesBuildPhase section */

/* Begin PBXSourcesBuildPhase section */
		5821A5C5200EC11E00AF85CE /* Sources */ = {
			isa = PBXSourcesBuildPhase;
			buildActionMask = 2147483647;
			files = (
				5821A5CF200EC11E00AF85CE /* MainVC.swift in Sources */,
				5821A5DF200EC25D00AF85CE /* DirectionVC.swift in Sources */,
				5821A5CD200EC11E00AF85CE /* AppDelegate.swift in Sources */,
			);
			runOnlyForDeploymentPostprocessing = 0;
		};
/* End PBXSourcesBuildPhase section */

/* Begin PBXVariantGroup section */
		5821A5D0200EC11E00AF85CE /* Main.storyboard */ = {
			isa = PBXVariantGroup;
			children = (
				5821A5D1200EC11E00AF85CE /* Base */,
			);
			name = Main.storyboard;
			sourceTree = "<group>";
		};
		5821A5D5200EC11E00AF85CE /* LaunchScreen.storyboard */ = {
			isa = PBXVariantGroup;
			children = (
				5821A5D6200EC11E00AF85CE /* Base */,
			);
			name = LaunchScreen.storyboard;
			sourceTree = "<group>";
		};
/* End PBXVariantGroup section */

/* Begin XCBuildConfiguration section */
		5821A5D9200EC11E00AF85CE /* Debug */ = {
			isa = XCBuildConfiguration;
			buildSettings = {
				ALWAYS_SEARCH_USER_PATHS = NO;
				CLANG_ANALYZER_NONNULL = YES;
				CLANG_ANALYZER_NUMBER_OBJECT_CONVERSION = YES_AGGRESSIVE;
				CLANG_CXX_LANGUAGE_STANDARD = "gnu++14";
				CLANG_CXX_LIBRARY = "libc++";
				CLANG_ENABLE_MODULES = YES;
				CLANG_ENABLE_OBJC_ARC = YES;
				CLANG_WARN_BLOCK_CAPTURE_AUTORELEASING = YES;
				CLANG_WARN_BOOL_CONVERSION = YES;
				CLANG_WARN_COMMA = YES;
				CLANG_WARN_CONSTANT_CONVERSION = YES;
				CLANG_WARN_DIRECT_OBJC_ISA_USAGE = YES_ERROR;
				CLANG_WARN_DOCUMENTATION_COMMENTS = YES;
				CLANG_WARN_EMPTY_BODY = YES;
				CLANG_WARN_ENUM_CONVERSION = YES;
				CLANG_WARN_INFINITE_RECURSION = YES;
				CLANG_WARN_INT_CONVERSION = YES;
				CLANG_WARN_NON_LITERAL_NULL_CONVERSION = YES;
				CLANG_WARN_OBJC_LITERAL_CONVERSION = YES;
				CLANG_WARN_OBJC_ROOT_CLASS = YES_ERROR;
				CLANG_WARN_RANGE_LOOP_ANALYSIS = YES;
				CLANG_WARN_STRICT_PROTOTYPES = YES;
				CLANG_WARN_SUSPICIOUS_MOVE = YES;
				CLANG_WARN_UNGUARDED_AVAILABILITY = YES_AGGRESSIVE;
				CLANG_WARN_UNREACHABLE_CODE = YES;
				CLANG_WARN__DUPLICATE_METHOD_MATCH = YES;
				CODE_SIGN_IDENTITY = "iPhone Developer";
				COPY_PHASE_STRIP = NO;
				DEBUG_INFORMATION_FORMAT = dwarf;
				ENABLE_STRICT_OBJC_MSGSEND = YES;
				ENABLE_TESTABILITY = YES;
				GCC_C_LANGUAGE_STANDARD = gnu11;
				GCC_DYNAMIC_NO_PIC = NO;
				GCC_NO_COMMON_BLOCKS = YES;
				GCC_OPTIMIZATION_LEVEL = 0;
				GCC_PREPROCESSOR_DEFINITIONS = (
					"DEBUG=1",
					"$(inherited)",
				);
				GCC_WARN_64_TO_32_BIT_CONVERSION = YES;
				GCC_WARN_ABOUT_RETURN_TYPE = YES_ERROR;
				GCC_WARN_UNDECLARED_SELECTOR = YES;
				GCC_WARN_UNINITIALIZED_AUTOS = YES_AGGRESSIVE;
				GCC_WARN_UNUSED_FUNCTION = YES;
				GCC_WARN_UNUSED_VARIABLE = YES;
				IPHONEOS_DEPLOYMENT_TARGET = 11.2;
				MTL_ENABLE_DEBUG_INFO = YES;
				ONLY_ACTIVE_ARCH = YES;
				SDKROOT = iphoneos;
				SWIFT_ACTIVE_COMPILATION_CONDITIONS = DEBUG;
				SWIFT_OPTIMIZATION_LEVEL = "-Onone";
			};
			name = Debug;
		};
		5821A5DA200EC11E00AF85CE /* Release */ = {
			isa = XCBuildConfiguration;
			buildSettings = {
				ALWAYS_SEARCH_USER_PATHS = NO;
				CLANG_ANALYZER_NONNULL = YES;
				CLANG_ANALYZER_NUMBER_OBJECT_CONVERSION = YES_AGGRESSIVE;
				CLANG_CXX_LANGUAGE_STANDARD = "gnu++14";
				CLANG_CXX_LIBRARY = "libc++";
				CLANG_ENABLE_MODULES = YES;
				CLANG_ENABLE_OBJC_ARC = YES;
				CLANG_WARN_BLOCK_CAPTURE_AUTORELEASING = YES;
				CLANG_WARN_BOOL_CONVERSION = YES;
				CLANG_WARN_COMMA = YES;
				CLANG_WARN_CONSTANT_CONVERSION = YES;
				CLANG_WARN_DIRECT_OBJC_ISA_USAGE = YES_ERROR;
				CLANG_WARN_DOCUMENTATION_COMMENTS = YES;
				CLANG_WARN_EMPTY_BODY = YES;
				CLANG_WARN_ENUM_CONVERSION = YES;
				CLANG_WARN_INFINITE_RECURSION = YES;
				CLANG_WARN_INT_CONVERSION = YES;
				CLANG_WARN_NON_LITERAL_NULL_CONVERSION = YES;
				CLANG_WARN_OBJC_LITERAL_CONVERSION = YES;
				CLANG_WARN_OBJC_ROOT_CLASS = YES_ERROR;
				CLANG_WARN_RANGE_LOOP_ANALYSIS = YES;
				CLANG_WARN_STRICT_PROTOTYPES = YES;
				CLANG_WARN_SUSPICIOUS_MOVE = YES;
				CLANG_WARN_UNGUARDED_AVAILABILITY = YES_AGGRESSIVE;
				CLANG_WARN_UNREACHABLE_CODE = YES;
				CLANG_WARN__DUPLICATE_METHOD_MATCH = YES;
				CODE_SIGN_IDENTITY = "iPhone Developer";
				COPY_PHASE_STRIP = NO;
				DEBUG_INFORMATION_FORMAT = "dwarf-with-dsym";
				ENABLE_NS_ASSERTIONS = NO;
				ENABLE_STRICT_OBJC_MSGSEND = YES;
				GCC_C_LANGUAGE_STANDARD = gnu11;
				GCC_NO_COMMON_BLOCKS = YES;
				GCC_WARN_64_TO_32_BIT_CONVERSION = YES;
				GCC_WARN_ABOUT_RETURN_TYPE = YES_ERROR;
				GCC_WARN_UNDECLARED_SELECTOR = YES;
				GCC_WARN_UNINITIALIZED_AUTOS = YES_AGGRESSIVE;
				GCC_WARN_UNUSED_FUNCTION = YES;
				GCC_WARN_UNUSED_VARIABLE = YES;
				IPHONEOS_DEPLOYMENT_TARGET = 11.2;
				MTL_ENABLE_DEBUG_INFO = NO;
				SDKROOT = iphoneos;
				SWIFT_OPTIMIZATION_LEVEL = "-Owholemodule";
				VALIDATE_PRODUCT = YES;
			};
			name = Release;
		};
		5821A5DC200EC11E00AF85CE /* Debug */ = {
			isa = XCBuildConfiguration;
			buildSettings = {
				ASSETCATALOG_COMPILER_APPICON_NAME = AppIcon;
				CODE_SIGN_STYLE = Automatic;
				DEVELOPMENT_TEAM = MYZQ23D36B;
				INFOPLIST_FILE = "North East South West/Info.plist";
				LD_RUNPATH_SEARCH_PATHS = "$(inherited) @executable_path/Frameworks";
				PRODUCT_BUNDLE_IDENTIFIER = "com.RyanGKist.North-East-South-West";
				PRODUCT_NAME = "$(TARGET_NAME)";
				SWIFT_VERSION = 4.0;
				TARGETED_DEVICE_FAMILY = "1,2";
			};
			name = Debug;
		};
		5821A5DD200EC11E00AF85CE /* Release */ = {
			isa = XCBuildConfiguration;
			buildSettings = {
				ASSETCATALOG_COMPILER_APPICON_NAME = AppIcon;
				CODE_SIGN_STYLE = Automatic;
				DEVELOPMENT_TEAM = MYZQ23D36B;
				INFOPLIST_FILE = "North East South West/Info.plist";
				LD_RUNPATH_SEARCH_PATHS = "$(inherited) @executable_path/Frameworks";
				PRODUCT_BUNDLE_IDENTIFIER = "com.RyanGKist.North-East-South-West";
				PRODUCT_NAME = "$(TARGET_NAME)";
				SWIFT_VERSION = 4.0;
				TARGETED_DEVICE_FAMILY = "1,2";
			};
			name = Release;
		};
/* End XCBuildConfiguration section */

/* Begin XCConfigurationList section */
		5821A5C4200EC11E00AF85CE /* Build configuration list for PBXProject "North East South West" */ = {
			isa = XCConfigurationList;
			buildConfigurations = (
				5821A5D9200EC11E00AF85CE /* Debug */,
				5821A5DA200EC11E00AF85CE /* Release */,
			);
			defaultConfigurationIsVisible = 0;
			defaultConfigurationName = Release;
		};
		5821A5DB200EC11E00AF85CE /* Build configuration list for PBXNativeTarget "North East South West" */ = {
			isa = XCConfigurationList;
			buildConfigurations = (
				5821A5DC200EC11E00AF85CE /* Debug */,
				5821A5DD200EC11E00AF85CE /* Release */,
			);
			defaultConfigurationIsVisible = 0;
			defaultConfigurationName = Release;
		};
/* End XCConfigurationList section */
	};
	rootObject = 5821A5C1200EC11E00AF85CE /* Project object */;
}
